
Microsoft Visual Studio Solution File, Format Version 12.00
# Visual Studio Version 17
VisualStudioVersion = 17.5.002.0
MinimumVisualStudioVersion = 10.0.40219.1
Project("{9A19103F-16F7-4668-BE54-9A1E7A4F7556}") = "Retaliation", "Retaliation.csproj", "{9DFCB668-C198-4603-8AB2-36B346D3C6CC}"
EndProject
Global
	GlobalSection(SolutionConfigurationPlatforms) = preSolution
		Debug|Any CPU = Debug|Any CPU
		Release|Any CPU = Release|Any CPU
	EndGlobalSection
	GlobalSection(ProjectConfigurationPlatforms) = postSolution
		{9DFCB668-C198-4603-8AB2-36B346D3C6CC}.Debug|Any CPU.ActiveCfg = Debug|Any CPU
		{9DFCB668-C198-4603-8AB2-36B346D3C6CC}.Debug|Any CPU.Build.0 = Debug|Any CPU
		{9DFCB668-C198-4603-8AB2-36B346D3C6CC}.Release|Any CPU.ActiveCfg = Release|Any CPU
		{9DFCB668-C198-4603-8AB2-36B346D3C6CC}.Release|Any CPU.Build.0 = Release|Any CPU
	EndGlobalSection
	GlobalSection(SolutionProperties) = preSolution
		HideSolutionNode = FALSE
	EndGlobalSection
	GlobalSection(ExtensibilityGlobals) = postSolution
		SolutionGuid = {06E1F5D0-1394-4EF2-8E45-20AC21B2EFF7}
	EndGlobalSection
EndGlobal
